
Microsoft Visual Studio Solution File, Format Version 12.00
# Visual Studio Version 17
VisualStudioVersion = 17.5.002.0
MinimumVisualStudioVersion = 10.0.40219.1
Project("{9A19103F-16F7-4668-BE54-9A1E7A4F7556}") = "DesafioProjetoHospedagem", "DesafioProjetoHospedagem.csproj", "{D1729355-166C-4D09-97A0-E645ABFBBDA9}"
EndProject
Global
	GlobalSection(SolutionConfigurationPlatforms) = preSolution
		Debug|Any CPU = Debug|Any CPU
		Release|Any CPU = Release|Any CPU
	EndGlobalSection
	GlobalSection(ProjectConfigurationPlatforms) = postSolution
		{D1729355-166C-4D09-97A0-E645ABFBBDA9}.Debug|Any CPU.ActiveCfg = Debug|Any CPU
		{D1729355-166C-4D09-97A0-E645ABFBBDA9}.Debug|Any CPU.Build.0 = Debug|Any CPU
		{D1729355-166C-4D09-97A0-E645ABFBBDA9}.Release|Any CPU.ActiveCfg = Release|Any CPU
		{D1729355-166C-4D09-97A0-E645ABFBBDA9}.Release|Any CPU.Build.0 = Release|Any CPU
	EndGlobalSection
	GlobalSection(SolutionProperties) = preSolution
		HideSolutionNode = FALSE
	EndGlobalSection
	GlobalSection(ExtensibilityGlobals) = postSolution
		SolutionGuid = {87F15953-AABD-429A-8E31-F807F4186A5E}
	EndGlobalSection
EndGlobal
